
Microsoft Visual Studio Solution File, Format Version 12.00
# Visual Studio Version 17
VisualStudioVersion = 17.10.35122.118
MinimumVisualStudioVersion = 10.0.40219.1
Project("{FAE04EC0-301F-11D3-BF4B-00C04F79EFBC}") = "CantinaIbauGru.Api", "CantinaIbauGru.Api\CantinaIbauGru.Api.csproj", "{6E2D9C91-502E-4D1E-8755-C2B11A05C4D0}"
EndProject
Project("{FAE04EC0-301F-11D3-BF4B-00C04F79EFBC}") = "CantinaIbauGru.Application", "CantinaIbauGru.Application\CantinaIbauGru.Application.csproj", "{7FFAA021-C272-402D-BE1F-2CEDA00631F2}"
EndProject
Project("{FAE04EC0-301F-11D3-BF4B-00C04F79EFBC}") = "CantinaIbauGru.Domain", "CatinaIbauGru.Domain\CantinaIbauGru.Domain.csproj", "{372AAD2C-06EB-47BE-886A-F58810B67535}"
EndProject
Project("{FAE04EC0-301F-11D3-BF4B-00C04F79EFBC}") = "CantinaIbauGru.Infraestructure", "CantinaIbauGru.Infraestructure\CantinaIbauGru.Infraestructure.csproj", "{405FB7BF-10B4-42EB-AC33-7E3273CD13FC}"
EndProject
Project("{FAE04EC0-301F-11D3-BF4B-00C04F79EFBC}") = "CantinaIbauGruApi.Service", "CantinaIbauGruApi.Services\CantinaIbauGruApi.Service.csproj", "{EAB87123-FCED-40FD-B4E4-2327845FE3FB}"
EndProject
Global
	GlobalSection(SolutionConfigurationPlatforms) = preSolution
		Debug|Any CPU = Debug|Any CPU
		Release|Any CPU = Release|Any CPU
	EndGlobalSection
	GlobalSection(ProjectConfigurationPlatforms) = postSolution
		{6E2D9C91-502E-4D1E-8755-C2B11A05C4D0}.Debug|Any CPU.ActiveCfg = Debug|Any CPU
		{6E2D9C91-502E-4D1E-8755-C2B11A05C4D0}.Debug|Any CPU.Build.0 = Debug|Any CPU
		{6E2D9C91-502E-4D1E-8755-C2B11A05C4D0}.Release|Any CPU.ActiveCfg = Release|Any CPU
		{6E2D9C91-502E-4D1E-8755-C2B11A05C4D0}.Release|Any CPU.Build.0 = Release|Any CPU
		{7FFAA021-C272-402D-BE1F-2CEDA00631F2}.Debug|Any CPU.ActiveCfg = Debug|Any CPU
		{7FFAA021-C272-402D-BE1F-2CEDA00631F2}.Debug|Any CPU.Build.0 = Debug|Any CPU
		{7FFAA021-C272-402D-BE1F-2CEDA00631F2}.Release|Any CPU.ActiveCfg = Release|Any CPU
		{7FFAA021-C272-402D-BE1F-2CEDA00631F2}.Release|Any CPU.Build.0 = Release|Any CPU
		{372AAD2C-06EB-47BE-886A-F58810B67535}.Debug|Any CPU.ActiveCfg = Debug|Any CPU
		{372AAD2C-06EB-47BE-886A-F58810B67535}.Debug|Any CPU.Build.0 = Debug|Any CPU
		{372AAD2C-06EB-47BE-886A-F58810B67535}.Release|Any CPU.ActiveCfg = Release|Any CPU
		{372AAD2C-06EB-47BE-886A-F58810B67535}.Release|Any CPU.Build.0 = Release|Any CPU
		{405FB7BF-10B4-42EB-AC33-7E3273CD13FC}.Debug|Any CPU.ActiveCfg = Debug|Any CPU
		{405FB7BF-10B4-42EB-AC33-7E3273CD13FC}.Debug|Any CPU.Build.0 = Debug|Any CPU
		{405FB7BF-10B4-42EB-AC33-7E3273CD13FC}.Release|Any CPU.ActiveCfg = Release|Any CPU
		{405FB7BF-10B4-42EB-AC33-7E3273CD13FC}.Release|Any CPU.Build.0 = Release|Any CPU
		{EAB87123-FCED-40FD-B4E4-2327845FE3FB}.Debug|Any CPU.ActiveCfg = Debug|Any CPU
		{EAB87123-FCED-40FD-B4E4-2327845FE3FB}.Debug|Any CPU.Build.0 = Debug|Any CPU
		{EAB87123-FCED-40FD-B4E4-2327845FE3FB}.Release|Any CPU.ActiveCfg = Release|Any CPU
		{EAB87123-FCED-40FD-B4E4-2327845FE3FB}.Release|Any CPU.Build.0 = Release|Any CPU
	EndGlobalSection
	GlobalSection(SolutionProperties) = preSolution
		HideSolutionNode = FALSE
	EndGlobalSection
	GlobalSection(ExtensibilityGlobals) = postSolution
		SolutionGuid = {93487EAC-1945-4410-9CC8-FB96638FB921}
	EndGlobalSection
EndGlobal
